PODS:
  - Jayme (4.1)
  - SVProgressHUD (2.2.5)
  - SwiftyJSON (4.1.0)

DEPENDENCIES:
  - Jayme
  - SVProgressHUD
  - SwiftyJSON

SPEC REPOS:
  https://github.com/cocoapods/specs.git:
    - Jayme
    - SVProgressHUD
    - SwiftyJSON

SPEC CHECKSUMS:
  Jayme: 803b0a194dab536fca0ff52c077e90910d1b04cd
  SVProgressHUD: 1428aafac632c1f86f62aa4243ec12008d7a51d6
  SwiftyJSON: c29297daf073d2aa016295d5809cdd68045c39b3

PODFILE CHECKSUM: b431638834ec66f360053718427e93db72aab262

COCOAPODS: 1.5.2
